
Microsoft Visual Studio Solution File, Format Version 12.00
# Visual Studio 2013
VisualStudioVersion = 12.0.31101.0
MinimumVisualStudioVersion = 10.0.40219.1
Project("{FAE04EC0-301F-11D3-BF4B-00C04F79EFBC}") = "IKitchen", "IKitchen\IKitchen.csproj", "{23B21CAD-048C-4E87-B275-753CADD2D3C6}"
	ProjectSection(ProjectDependencies) = postProject
		{BEB3AB4F-43E3-4CCE-8E16-29DAB62E5B6A} = {BEB3AB4F-43E3-4CCE-8E16-29DAB62E5B6A}
	EndProjectSection
EndProject
Project("{FAE04EC0-301F-11D3-BF4B-00C04F79EFBC}") = "WebServices", "WebServices\WebServices.csproj", "{BEB3AB4F-43E3-4CCE-8E16-29DAB62E5B6A}"
EndProject
Global
	GlobalSection(SolutionConfigurationPlatforms) = preSolution
		Debug|Any CPU = Debug|Any CPU
		Release|Any CPU = Release|Any CPU
	EndGlobalSection
	GlobalSection(ProjectConfigurationPlatforms) = postSolution
		{23B21CAD-048C-4E87-B275-753CADD2D3C6}.Debug|Any CPU.ActiveCfg = Debug|Any CPU
		{23B21CAD-048C-4E87-B275-753CADD2D3C6}.Debug|Any CPU.Build.0 = Debug|Any CPU
		{23B21CAD-048C-4E87-B275-753CADD2D3C6}.Release|Any CPU.ActiveCfg = Release|Any CPU
		{23B21CAD-048C-4E87-B275-753CADD2D3C6}.Release|Any CPU.Build.0 = Release|Any CPU
		{BEB3AB4F-43E3-4CCE-8E16-29DAB62E5B6A}.Debug|Any CPU.ActiveCfg = Debug|Any CPU
		{BEB3AB4F-43E3-4CCE-8E16-29DAB62E5B6A}.Debug|Any CPU.Build.0 = Debug|Any CPU
		{BEB3AB4F-43E3-4CCE-8E16-29DAB62E5B6A}.Release|Any CPU.ActiveCfg = Release|Any CPU
		{BEB3AB4F-43E3-4CCE-8E16-29DAB62E5B6A}.Release|Any CPU.Build.0 = Release|Any CPU
	EndGlobalSection
	GlobalSection(SolutionProperties) = preSolution
		HideSolutionNode = FALSE
	EndGlobalSection
EndGlobal
